
Microsoft Visual Studio Solution File, Format Version 12.00
# Visual Studio 15
VisualStudioVersion = 15.0.26730.16
MinimumVisualStudioVersion = 10.0.40219.1
Project("{FAE04EC0-301F-11D3-BF4B-00C04F79EFBC}") = "OrleansServer", "OrleansServer\OrleansServer.csproj", "{862E276B-06B3-47BD-9BD0-2732BD67BD47}"
EndProject
Project("{FAE04EC0-301F-11D3-BF4B-00C04F79EFBC}") = "OrleansClient", "OrleansClient\OrleansClient.csproj", "{31BA90B8-8CED-425B-9A4B-189BC294A72E}"
EndProject
Project("{FAE04EC0-301F-11D3-BF4B-00C04F79EFBC}") = "GrainInterfaces", "GrainInterfaces\GrainInterfaces.csproj", "{513AEC9E-AD28-4D5F-A351-7FA8A32421DD}"
EndProject
Project("{FAE04EC0-301F-11D3-BF4B-00C04F79EFBC}") = "GrainImplementation", "GrainImplementation\GrainImplementation.csproj", "{3EB4ECC9-10DD-4C28-A269-350E177966E0}"
EndProject
Project("{FAE04EC0-301F-11D3-BF4B-00C04F79EFBC}") = "Utils", "Utils\Utils.csproj", "{2BFBB174-20E8-4BC1-925C-2CA7AC0DD0FF}"
EndProject
Global
	GlobalSection(SolutionConfigurationPlatforms) = preSolution
		Debug|Any CPU = Debug|Any CPU
		Release|Any CPU = Release|Any CPU
	EndGlobalSection
	GlobalSection(ProjectConfigurationPlatforms) = postSolution
		{862E276B-06B3-47BD-9BD0-2732BD67BD47}.Debug|Any CPU.ActiveCfg = Debug|Any CPU
		{862E276B-06B3-47BD-9BD0-2732BD67BD47}.Debug|Any CPU.Build.0 = Debug|Any CPU
		{862E276B-06B3-47BD-9BD0-2732BD67BD47}.Release|Any CPU.ActiveCfg = Release|Any CPU
		{862E276B-06B3-47BD-9BD0-2732BD67BD47}.Release|Any CPU.Build.0 = Release|Any CPU
		{31BA90B8-8CED-425B-9A4B-189BC294A72E}.Debug|Any CPU.ActiveCfg = Debug|Any CPU
		{31BA90B8-8CED-425B-9A4B-189BC294A72E}.Debug|Any CPU.Build.0 = Debug|Any CPU
		{31BA90B8-8CED-425B-9A4B-189BC294A72E}.Release|Any CPU.ActiveCfg = Release|Any CPU
		{31BA90B8-8CED-425B-9A4B-189BC294A72E}.Release|Any CPU.Build.0 = Release|Any CPU
		{513AEC9E-AD28-4D5F-A351-7FA8A32421DD}.Debug|Any CPU.ActiveCfg = Debug|Any CPU
		{513AEC9E-AD28-4D5F-A351-7FA8A32421DD}.Debug|Any CPU.Build.0 = Debug|Any CPU
		{513AEC9E-AD28-4D5F-A351-7FA8A32421DD}.Release|Any CPU.ActiveCfg = Release|Any CPU
		{513AEC9E-AD28-4D5F-A351-7FA8A32421DD}.Release|Any CPU.Build.0 = Release|Any CPU
		{3EB4ECC9-10DD-4C28-A269-350E177966E0}.Debug|Any CPU.ActiveCfg = Debug|Any CPU
		{3EB4ECC9-10DD-4C28-A269-350E177966E0}.Debug|Any CPU.Build.0 = Debug|Any CPU
		{3EB4ECC9-10DD-4C28-A269-350E177966E0}.Release|Any CPU.ActiveCfg = Release|Any CPU
		{3EB4ECC9-10DD-4C28-A269-350E177966E0}.Release|Any CPU.Build.0 = Release|Any CPU
		{2BFBB174-20E8-4BC1-925C-2CA7AC0DD0FF}.Debug|Any CPU.ActiveCfg = Debug|Any CPU
		{2BFBB174-20E8-4BC1-925C-2CA7AC0DD0FF}.Debug|Any CPU.Build.0 = Debug|Any CPU
		{2BFBB174-20E8-4BC1-925C-2CA7AC0DD0FF}.Release|Any CPU.ActiveCfg = Release|Any CPU
		{2BFBB174-20E8-4BC1-925C-2CA7AC0DD0FF}.Release|Any CPU.Build.0 = Release|Any CPU
	EndGlobalSection
	GlobalSection(SolutionProperties) = preSolution
		HideSolutionNode = FALSE
	EndGlobalSection
	GlobalSection(ExtensibilityGlobals) = postSolution
		SolutionGuid = {AF9A94BE-1875-4E75-8EEF-585AD982074D}
	EndGlobalSection
EndGlobal
